
Microsoft Visual Studio Solution File, Format Version 12.00
# Visual Studio Version 17
VisualStudioVersion = 17.2.32630.192
MinimumVisualStudioVersion = 10.0.40219.1
Project("{9A19103F-16F7-4668-BE54-9A1E7A4F7556}") = "SoundMonitor", "SoundMonitor\SoundMonitor.csproj", "{76BBC654-2E38-46D3-8DE8-62A3850083D6}"
EndProject
Project("{FAE04EC0-301F-11D3-BF4B-00C04F79EFBC}") = "LogUtility", "LogUtility\LogUtility.csproj", "{C33FDCCB-5D1C-4EAA-9C0E-8590488815C9}"
EndProject
Global
	GlobalSection(SolutionConfigurationPlatforms) = preSolution
		Debug|Any CPU = Debug|Any CPU
		Release|Any CPU = Release|Any CPU
	EndGlobalSection
	GlobalSection(ProjectConfigurationPlatforms) = postSolution
		{76BBC654-2E38-46D3-8DE8-62A3850083D6}.Debug|Any CPU.ActiveCfg = Debug|Any CPU
		{76BBC654-2E38-46D3-8DE8-62A3850083D6}.Debug|Any CPU.Build.0 = Debug|Any CPU
		{76BBC654-2E38-46D3-8DE8-62A3850083D6}.Release|Any CPU.ActiveCfg = Release|Any CPU
		{76BBC654-2E38-46D3-8DE8-62A3850083D6}.Release|Any CPU.Build.0 = Release|Any CPU
		{C33FDCCB-5D1C-4EAA-9C0E-8590488815C9}.Debug|Any CPU.ActiveCfg = Debug|Any CPU
		{C33FDCCB-5D1C-4EAA-9C0E-8590488815C9}.Debug|Any CPU.Build.0 = Debug|Any CPU
		{C33FDCCB-5D1C-4EAA-9C0E-8590488815C9}.Release|Any CPU.ActiveCfg = Release|Any CPU
		{C33FDCCB-5D1C-4EAA-9C0E-8590488815C9}.Release|Any CPU.Build.0 = Release|Any CPU
	EndGlobalSection
	GlobalSection(SolutionProperties) = preSolution
		HideSolutionNode = FALSE
	EndGlobalSection
	GlobalSection(ExtensibilityGlobals) = postSolution
		SolutionGuid = {99A689F4-3EA1-4CB6-AEE3-D07317868176}
	EndGlobalSection
EndGlobal
